// !$*UTF8*$!
{
	archiveVersion = 1;
	classes = {
	};
	objectVersion = 56;
	objects = {

/* Begin PBXBuildFile section */
		51EB6F032B21654B0081672E /* SpeedTipsApp.swift in Sources */ = {isa = PBXBuildFile; fileRef = 51EB6F022B21654B0081672E /* SpeedTipsApp.swift */; };
		51EB6F052B21654B0081672E /* ContentView.swift in Sources */ = {isa = PBXBuildFile; fileRef = 51EB6F042B21654B0081672E /* ContentView.swift */; };
		51EB6F072B21654D0081672E /* Assets.xcassets in Resources */ = {isa = PBXBuildFile; fileRef = 51EB6F062B21654D0081672E /* Assets.xcassets */; };
		51EB6F0A2B21654D0081672E /* Preview Assets.xcassets in Resources */ = {isa = PBXBuildFile; fileRef = 51EB6F092B21654D0081672E /* Preview Assets.xcassets */; };
		51EB6F142B21654D0081672E /* SpeedTipsTests.swift in Sources */ = {isa = PBXBuildFile; fileRef = 51EB6F132B21654D0081672E /* SpeedTipsTests.swift */; };
		51EB6F1E2B21654D0081672E /* SpeedTipsUITests.swift in Sources */ = {isa = PBXBuildFile; fileRef = 51EB6F1D2B21654D0081672E /* SpeedTipsUITests.swift */; };
		51EB6F202B21654D0081672E /* SpeedTipsUITestsLaunchTests.swift in Sources */ = {isa = PBXBuildFile; fileRef = 51EB6F1F2B21654D0081672E /* SpeedTipsUITestsLaunchTests.swift */; };
		51EB6F2D2B21668C0081672E /* Launch Screen.storyboard in Resources */ = {isa = PBXBuildFile; fileRef = 51EB6F2C2B21668C0081672E /* Launch Screen.storyboard */; };
		51EB6F312B2170880081672E /* CardView.swift in Sources */ = {isa = PBXBuildFile; fileRef = 51EB6F302B2170880081672E /* CardView.swift */; };
/* End PBXBuildFile section */

/* Begin PBXContainerItemProxy section */
		51EB6F102B21654D0081672E /* PBXContainerItemProxy */ = {
			isa = PBXContainerItemProxy;
			containerPortal = 51EB6EF72B21654B0081672E /* Project object */;
			proxyType = 1;
			remoteGlobalIDString = 51EB6EFE2B21654B0081672E;
			remoteInfo = SpeedTips;
		};
		51EB6F1A2B21654D0081672E /* PBXContainerItemProxy */ = {
			isa = PBXContainerItemProxy;
			containerPortal = 51EB6EF72B21654B0081672E /* Project object */;
			proxyType = 1;
			remoteGlobalIDString = 51EB6EFE2B21654B0081672E;
			remoteInfo = SpeedTips;
		};
/* End PBXContainerItemProxy section */

/* Begin PBXFileReference section */
		51EB6EFF2B21654B0081672E /* SpeedTips.app */ = {isa = PBXFileReference; explicitFileType = wrapper.application; includeInIndex = 0; path = SpeedTips.app; sourceTree = BUILT_PRODUCTS_DIR; };
		51EB6F022B21654B0081672E /* SpeedTipsApp.swift */ = {isa = PBXFileReference; lastKnownFileType = sourcecode.swift; path = SpeedTipsApp.swift; sourceTree = "<group>"; };
		51EB6F042B21654B0081672E /* ContentView.swift */ = {isa = PBXFileReference; lastKnownFileType = sourcecode.swift; path = ContentView.swift; sourceTree = "<group>"; };
		51EB6F062B21654D0081672E /* Assets.xcassets */ = {isa = PBXFileReference; lastKnownFileType = folder.assetcatalog; path = Assets.xcassets; sourceTree = "<group>"; };
		51EB6F092B21654D0081672E /* Preview Assets.xcassets */ = {isa = PBXFileReference; lastKnownFileType = folder.assetcatalog; path = "Preview Assets.xcassets"; sourceTree = "<group>"; };
		51EB6F0F2B21654D0081672E /* SpeedTipsTests.xctest */ = {isa = PBXFileReference; explicitFileType = wrapper.cfbundle; includeInIndex = 0; path = SpeedTipsTests.xctest; sourceTree = BUILT_PRODUCTS_DIR; };
		51EB6F132B21654D0081672E /* SpeedTipsTests.swift */ = {isa = PBXFileReference; lastKnownFileType = sourcecode.swift; path = SpeedTipsTests.swift; sourceTree = "<group>"; };
		51EB6F192B21654D0081672E /* SpeedTipsUITests.xctest */ = {isa = PBXFileReference; explicitFileType = wrapper.cfbundle; includeInIndex = 0; path = SpeedTipsUITests.xctest; sourceTree = BUILT_PRODUCTS_DIR; };
		51EB6F1D2B21654D0081672E /* SpeedTipsUITests.swift */ = {isa = PBXFileReference; lastKnownFileType = sourcecode.swift; path = SpeedTipsUITests.swift; sourceTree = "<group>"; };
		51EB6F1F2B21654D0081672E /* SpeedTipsUITestsLaunchTests.swift */ = {isa = PBXFileReference; lastKnownFileType = sourcecode.swift; path = SpeedTipsUITestsLaunchTests.swift; sourceTree = "<group>"; };
		51EB6F2C2B21668C0081672E /* Launch Screen.storyboard */ = {isa = PBXFileReference; lastKnownFileType = file.storyboard; path = "Launch Screen.storyboard"; sourceTree = "<group>"; };
		51EB6F302B2170880081672E /* CardView.swift */ = {isa = PBXFileReference; lastKnownFileType = sourcecode.swift; path = CardView.swift; sourceTree = "<group>"; };
/* End PBXFileReference section */

/* Begin PBXFrameworksBuildPhase section */
		51EB6EFC2B21654B0081672E /* Frameworks */ = {
			isa = PBXFrameworksBuildPhase;
			buildActionMask = 2147483647;
			files = (
			);
			runOnlyForDeploymentPostprocessing = 0;
		};
		51EB6F0C2B21654D0081672E /* Frameworks */ = {
			isa = PBXFrameworksBuildPhase;
			buildActionMask = 2147483647;
			files = (
			);
			runOnlyForDeploymentPostprocessing = 0;
		};
		51EB6F162B21654D0081672E /* Frameworks */ = {
			isa = PBXFrameworksBuildPhase;
			buildActionMask = 2147483647;
			files = (
			);
			runOnlyForDeploymentPostprocessing = 0;
		};
/* End PBXFrameworksBuildPhase section */

/* Begin PBXGroup section */
		51EB6EF62B21654B0081672E = {
			isa = PBXGroup;
			children = (
				51EB6F2C2B21668C0081672E /* Launch Screen.storyboard */,
				51EB6F012B21654B0081672E /* SpeedTips */,
				51EB6F122B21654D0081672E /* SpeedTipsTests */,
				51EB6F1C2B21654D0081672E /* SpeedTipsUITests */,
				51EB6F002B21654B0081672E /* Products */,
			);
			sourceTree = "<group>";
		};
		51EB6F002B21654B0081672E /* Products */ = {
			isa = PBXGroup;
			children = (
				51EB6EFF2B21654B0081672E /* SpeedTips.app */,
				51EB6F0F2B21654D0081672E /* SpeedTipsTests.xctest */,
				51EB6F192B21654D0081672E /* SpeedTipsUITests.xctest */,
			);
			name = Products;
			sourceTree = "<group>";
		};
		51EB6F012B21654B0081672E /* SpeedTips */ = {
			isa = PBXGroup;
			children = (
				51EB6F022B21654B0081672E /* SpeedTipsApp.swift */,
				51EB6F042B21654B0081672E /* ContentView.swift */,
				51EB6F062B21654D0081672E /* Assets.xcassets */,
				51EB6F082B21654D0081672E /* Preview Content */,
				51EB6F302B2170880081672E /* CardView.swift */,
			);
			path = SpeedTips;
			sourceTree = "<group>";
		};
		51EB6F082B21654D0081672E /* Preview Content */ = {
			isa = PBXGroup;
			children = (
				51EB6F092B21654D0081672E /* Preview Assets.xcassets */,
			);
			path = "Preview Content";
			sourceTree = "<group>";
		};
		51EB6F122B21654D0081672E /* SpeedTipsTests */ = {
			isa = PBXGroup;
			children = (
				51EB6F132B21654D0081672E /* SpeedTipsTests.swift */,
			);
			path = SpeedTipsTests;
			sourceTree = "<group>";
		};
		51EB6F1C2B21654D0081672E /* SpeedTipsUITests */ = {
			isa = PBXGroup;
			children = (
				51EB6F1D2B21654D0081672E /* SpeedTipsUITests.swift */,
				51EB6F1F2B21654D0081672E /* SpeedTipsUITestsLaunchTests.swift */,
			);
			path = SpeedTipsUITests;
			sourceTree = "<group>";
		};
/* End PBXGroup section */

/* Begin PBXNativeTarget section */
		51EB6EFE2B21654B0081672E /* SpeedTips */ = {
			isa = PBXNativeTarget;
			buildConfigurationList = 51EB6F232B21654D0081672E /* Build configuration list for PBXNativeTarget "SpeedTips" */;
			buildPhases = (
				51EB6EFB2B21654B0081672E /* Sources */,
				51EB6EFC2B21654B0081672E /* Frameworks */,
				51EB6EFD2B21654B0081672E /* Resources */,
			);
			buildRules = (
			);
			dependencies = (
			);
			name = SpeedTips;
			productName = SpeedTips;
			productReference = 51EB6EFF2B21654B0081672E /* SpeedTips.app */;
			productType = "com.apple.product-type.application";
		};
		51EB6F0E2B21654D0081672E /* SpeedTipsTests */ = {
			isa = PBXNativeTarget;
			buildConfigurationList = 51EB6F262B21654D0081672E /* Build configuration list for PBXNativeTarget "SpeedTipsTests" */;
			buildPhases = (
				51EB6F0B2B21654D0081672E /* Sources */,
				51EB6F0C2B21654D0081672E /* Frameworks */,
				51EB6F0D2B21654D0081672E /* Resources */,
			);
			buildRules = (
			);
			dependencies = (
				51EB6F112B21654D0081672E /* PBXTargetDependency */,
			);
			name = SpeedTipsTests;
			productName = SpeedTipsTests;
			productReference = 51EB6F0F2B21654D0081672E /* SpeedTipsTests.xctest */;
			productType = "com.apple.product-type.bundle.unit-test";
		};
		51EB6F182B21654D0081672E /* SpeedTipsUITests */ = {
			isa = PBXNativeTarget;
			buildConfigurationList = 51EB6F292B21654D0081672E /* Build configuration list for PBXNativeTarget "SpeedTipsUITests" */;
			buildPhases = (
				51EB6F152B21654D0081672E /* Sources */,
				51EB6F162B21654D0081672E /* Frameworks */,
				51EB6F172B21654D0081672E /* Resources */,
			);
			buildRules = (
			);
			dependencies = (
				51EB6F1B2B21654D0081672E /* PBXTargetDependency */,
			);
			name = SpeedTipsUITests;
			productName = SpeedTipsUITests;
			productReference = 51EB6F192B21654D0081672E /* SpeedTipsUITests.xctest */;
			productType = "com.apple.product-type.bundle.ui-testing";
		};
/* End PBXNativeTarget section */

/* Begin PBXProject section */
		51EB6EF72B21654B0081672E /* Project object */ = {
			isa = PBXProject;
			attributes = {
				BuildIndependentTargetsInParallel = 1;
				LastSwiftUpdateCheck = 1500;
				LastUpgradeCheck = 1500;
				TargetAttributes = {
					51EB6EFE2B21654B0081672E = {
						CreatedOnToolsVersion = 15.0.1;
					};
					51EB6F0E2B21654D0081672E = {
						CreatedOnToolsVersion = 15.0.1;
						TestTargetID = 51EB6EFE2B21654B0081672E;
					};
					51EB6F182B21654D0081672E = {
						CreatedOnToolsVersion = 15.0.1;
						TestTargetID = 51EB6EFE2B21654B0081672E;
					};
				};
			};
			buildConfigurationList = 51EB6EFA2B21654B0081672E /* Build configuration list for PBXProject "SpeedTips" */;
			compatibilityVersion = "Xcode 14.0";
			developmentRegion = en;
			hasScannedForEncodings = 0;
			knownRegions = (
				en,
				Base,
			);
			mainGroup = 51EB6EF62B21654B0081672E;
			productRefGroup = 51EB6F002B21654B0081672E /* Products */;
			projectDirPath = "";
			projectRoot = "";
			targets = (
				51EB6EFE2B21654B0081672E /* SpeedTips */,
				51EB6F0E2B21654D0081672E /* SpeedTipsTests */,
				51EB6F182B21654D0081672E /* SpeedTipsUITests */,
			);
		};
/* End PBXProject section */

/* Begin PBXResourcesBuildPhase section */
		51EB6EFD2B21654B0081672E /* Resources */ = {
			isa = PBXResourcesBuildPhase;
			buildActionMask = 2147483647;
			files = (
				51EB6F2D2B21668C0081672E /* Launch Screen.storyboard in Resources */,
				51EB6F0A2B21654D0081672E /* Preview Assets.xcassets in Resources */,
				51EB6F072B21654D0081672E /* Assets.xcassets in Resources */,
			);
			runOnlyForDeploymentPostprocessing = 0;
		};
		51EB6F0D2B21654D0081672E /* Resources */ = {
			isa = PBXResourcesBuildPhase;
			buildActionMask = 2147483647;
			files = (
			);
			runOnlyForDeploymentPostprocessing = 0;
		};
		51EB6F172B21654D0081672E /* Resources */ = {
			isa = PBXResourcesBuildPhase;
			buildActionMask = 2147483647;
			files = (
			);
			runOnlyForDeploymentPostprocessing = 0;
		};
/* End PBXResourcesBuildPhase section */

/* Begin PBXSourcesBuildPhase section */
		51EB6EFB2B21654B0081672E /* Sources */ = {
			isa = PBXSourcesBuildPhase;
			buildActionMask = 2147483647;
			files = (
				51EB6F052B21654B0081672E /* ContentView.swift in Sources */,
				51EB6F312B2170880081672E /* CardView.swift in Sources */,
				51EB6F032B21654B0081672E /* SpeedTipsApp.swift in Sources */,
			);
			runOnlyForDeploymentPostprocessing = 0;
		};
		51EB6F0B2B21654D0081672E /* Sources */ = {
			isa = PBXSourcesBuildPhase;
			buildActionMask = 2147483647;
			files = (
				51EB6F142B21654D0081672E /* SpeedTipsTests.swift in Sources */,
			);
			runOnlyForDeploymentPostprocessing = 0;
		};
		51EB6F152B21654D0081672E /* Sources */ = {
			isa = PBXSourcesBuildPhase;
			buildActionMask = 2147483647;
			files = (
				51EB6F202B21654D0081672E /* SpeedTipsUITestsLaunchTests.swift in Sources */,
				51EB6F1E2B21654D0081672E /* SpeedTipsUITests.swift in Sources */,
			);
			runOnlyForDeploymentPostprocessing = 0;
		};
/* End PBXSourcesBuildPhase section */

/* Begin PBXTargetDependency section */
		51EB6F112B21654D0081672E /* PBXTargetDependency */ = {
			isa = PBXTargetDependency;
			target = 51EB6EFE2B21654B0081672E /* SpeedTips */;
			targetProxy = 51EB6F102B21654D0081672E /* PBXContainerItemProxy */;
		};
		51EB6F1B2B21654D0081672E /* PBXTargetDependency */ = {
			isa = PBXTargetDependency;
			target = 51EB6EFE2B21654B0081672E /* SpeedTips */;
			targetProxy = 51EB6F1A2B21654D0081672E /* PBXContainerItemProxy */;
		};
/* End PBXTargetDependency section */

/* Begin XCBuildConfiguration section */
		51EB6F212B21654D0081672E /* Debug */ = {
			isa = XCBuildConfiguration;
			buildSettings = {
				ALWAYS_SEARCH_USER_PATHS = NO;
				ASSETCATALOG_COMPILER_GENERATE_SWIFT_ASSET_SYMBOL_EXTENSIONS = YES;
				CLANG_ANALYZER_NONNULL = YES;
				CLANG_ANALYZER_NUMBER_OBJECT_CONVERSION = YES_AGGRESSIVE;
				CLANG_CXX_LANGUAGE_STANDARD = "gnu++20";
				CLANG_ENABLE_MODULES = YES;
				CLANG_ENABLE_OBJC_ARC = YES;
				CLANG_ENABLE_OBJC_WEAK = YES;
				CLANG_WARN_BLOCK_CAPTURE_AUTORELEASING = YES;
				CLANG_WARN_BOOL_CONVERSION = YES;
				CLANG_WARN_COMMA = YES;
				CLANG_WARN_CONSTANT_CONVERSION = YES;
				CLANG_WARN_DEPRECATED_OBJC_IMPLEMENTATIONS = YES;
				CLANG_WARN_DIRECT_OBJC_ISA_USAGE = YES_ERROR;
				CLANG_WARN_DOCUMENTATION_COMMENTS = YES;
				CLANG_WARN_EMPTY_BODY = YES;
				CLANG_WARN_ENUM_CONVERSION = YES;
				CLANG_WARN_INFINITE_RECURSION = YES;
				CLANG_WARN_INT_CONVERSION = YES;
				CLANG_WARN_NON_LITERAL_NULL_CONVERSION = YES;
				CLANG_WARN_OBJC_IMPLICIT_RETAIN_SELF = YES;
				CLANG_WARN_OBJC_LITERAL_CONVERSION = YES;
				CLANG_WARN_OBJC_ROOT_CLASS = YES_ERROR;
				CLANG_WARN_QUOTED_INCLUDE_IN_FRAMEWORK_HEADER = YES;
				CLANG_WARN_RANGE_LOOP_ANALYSIS = YES;
				CLANG_WARN_STRICT_PROTOTYPES = YES;
				CLANG_WARN_SUSPICIOUS_MOVE = YES;
				CLANG_WARN_UNGUARDED_AVAILABILITY = YES_AGGRESSIVE;
				CLANG_WARN_UNREACHABLE_CODE = YES;
				CLANG_WARN__DUPLICATE_METHOD_MATCH = YES;
				COPY_PHASE_STRIP = NO;
				DEBUG_INFORMATION_FORMAT = dwarf;
				ENABLE_STRICT_OBJC_MSGSEND = YES;
				ENABLE_TESTABILITY = YES;
				ENABLE_USER_SCRIPT_SANDBOXING = YES;
				GCC_C_LANGUAGE_STANDARD = gnu17;
				GCC_DYNAMIC_NO_PIC = NO;
				GCC_NO_COMMON_BLOCKS = YES;
				GCC_OPTIMIZATION_LEVEL = 0;
				GCC_PREPROCESSOR_DEFINITIONS = (
					"DEBUG=1",
					"$(inherited)",
				);
				GCC_WARN_64_TO_32_BIT_CONVERSION = YES;
				GCC_WARN_ABOUT_RETURN_TYPE = YES_ERROR;
				GCC_WARN_UNDECLARED_SELECTOR = YES;
				GCC_WARN_UNINITIALIZED_AUTOS = YES_AGGRESSIVE;
				GCC_WARN_UNUSED_FUNCTION = YES;
				GCC_WARN_UNUSED_VARIABLE = YES;
				IPHONEOS_DEPLOYMENT_TARGET = 17.0;
				LOCALIZATION_PREFERS_STRING_CATALOGS = YES;
				MTL_ENABLE_DEBUG_INFO = INCLUDE_SOURCE;
				MTL_FAST_MATH = YES;
				ONLY_ACTIVE_ARCH = YES;
				SDKROOT = iphoneos;
				SWIFT_ACTIVE_COMPILATION_CONDITIONS = "DEBUG $(inherited)";
				SWIFT_OPTIMIZATION_LEVEL = "-Onone";
			};
			name = Debug;
		};
		51EB6F222B21654D0081672E /* Release */ = {
			isa = XCBuildConfiguration;
			buildSettings = {
				ALWAYS_SEARCH_USER_PATHS = NO;
				ASSETCATALOG_COMPILER_GENERATE_SWIFT_ASSET_SYMBOL_EXTENSIONS = YES;
				CLANG_ANALYZER_NONNULL = YES;
				CLANG_ANALYZER_NUMBER_OBJECT_CONVERSION = YES_AGGRESSIVE;
				CLANG_CXX_LANGUAGE_STANDARD = "gnu++20";
				CLANG_ENABLE_MODULES = YES;
				CLANG_ENABLE_OBJC_ARC = YES;
				CLANG_ENABLE_OBJC_WEAK = YES;
				CLANG_WARN_BLOCK_CAPTURE_AUTORELEASING = YES;
				CLANG_WARN_BOOL_CONVERSION = YES;
				CLANG_WARN_COMMA = YES;
				CLANG_WARN_CONSTANT_CONVERSION = YES;
				CLANG_WARN_DEPRECATED_OBJC_IMPLEMENTATIONS = YES;
				CLANG_WARN_DIRECT_OBJC_ISA_USAGE = YES_ERROR;
				CLANG_WARN_DOCUMENTATION_COMMENTS = YES;
				CLANG_WARN_EMPTY_BODY = YES;
				CLANG_WARN_ENUM_CONVERSION = YES;
				CLANG_WARN_INFINITE_RECURSION = YES;
				CLANG_WARN_INT_CONVERSION = YES;
				CLANG_WARN_NON_LITERAL_NULL_CONVERSION = YES;
				CLANG_WARN_OBJC_IMPLICIT_RETAIN_SELF = YES;
				CLANG_WARN_OBJC_LITERAL_CONVERSION = YES;
				CLANG_WARN_OBJC_ROOT_CLASS = YES_ERROR;
				CLANG_WARN_QUOTED_INCLUDE_IN_FRAMEWORK_HEADER = YES;
				CLANG_WARN_RANGE_LOOP_ANALYSIS = YES;
				CLANG_WARN_STRICT_PROTOTYPES = YES;
				CLANG_WARN_SUSPICIOUS_MOVE = YES;
				CLANG_WARN_UNGUARDED_AVAILABILITY = YES_AGGRESSIVE;
				CLANG_WARN_UNREACHABLE_CODE = YES;
				CLANG_WARN__DUPLICATE_METHOD_MATCH = YES;
				COPY_PHASE_STRIP = NO;
				DEBUG_INFORMATION_FORMAT = "dwarf-with-dsym";
				ENABLE_NS_ASSERTIONS = NO;
				ENABLE_STRICT_OBJC_MSGSEND = YES;
				ENABLE_USER_SCRIPT_SANDBOXING = YES;
				GCC_C_LANGUAGE_STANDARD = gnu17;
				GCC_NO_COMMON_BLOCKS = YES;
				GCC_WARN_64_TO_32_BIT_CONVERSION = YES;
				GCC_WARN_ABOUT_RETURN_TYPE = YES_ERROR;
				GCC_WARN_UNDECLARED_SELECTOR = YES;
				GCC_WARN_UNINITIALIZED_AUTOS = YES_AGGRESSIVE;
				GCC_WARN_UNUSED_FUNCTION = YES;
				GCC_WARN_UNUSED_VARIABLE = YES;
				IPHONEOS_DEPLOYMENT_TARGET = 17.0;
				LOCALIZATION_PREFERS_STRING_CATALOGS = YES;
				MTL_ENABLE_DEBUG_INFO = NO;
				MTL_FAST_MATH = YES;
				SDKROOT = iphoneos;
				SWIFT_COMPILATION_MODE = wholemodule;
				VALIDATE_PRODUCT = YES;
			};
			name = Release;
		};
		51EB6F242B21654D0081672E /* Debug */ = {
			isa = XCBuildConfiguration;
			buildSettings = {
				ASSETCATALOG_COMPILER_APPICON_NAME = AppIcon;
				ASSETCATALOG_COMPILER_GLOBAL_ACCENT_COLOR_NAME = AccentColor;
				CODE_SIGN_STYLE = Automatic;
				CURRENT_PROJECT_VERSION = 1;
				DEVELOPMENT_ASSET_PATHS = "\"SpeedTips/Preview Content\"";
				ENABLE_PREVIEWS = YES;
				GENERATE_INFOPLIST_FILE = YES;
				INFOPLIST_KEY_UIApplicationSceneManifest_Generation = YES;
				INFOPLIST_KEY_UIApplicationSupportsIndirectInputEvents = YES;
				INFOPLIST_KEY_UILaunchScreen_Generation = YES;
				INFOPLIST_KEY_UILaunchStoryboardName = "Launch Screen.storyboard";
				INFOPLIST_KEY_UISupportedInterfaceOrientations_iPad = "UIInterfaceOrientationPortrait UIInterfaceOrientationPortraitUpsideDown UIInterfaceOrientationLandscapeLeft UIInterfaceOrientationLandscapeRight";
				INFOPLIST_KEY_UISupportedInterfaceOrientations_iPhone = "UIInterfaceOrientationPortrait UIInterfaceOrientationLandscapeLeft UIInterfaceOrientationLandscapeRight";
				IPHONEOS_DEPLOYMENT_TARGET = 16.4;
				LD_RUNPATH_SEARCH_PATHS = (
					"$(inherited)",
					"@executable_path/Frameworks",
				);
				MARKETING_VERSION = 1.0;
				PRODUCT_BUNDLE_IDENTIFIER = mi.SpeedTips;
				PRODUCT_NAME = "$(TARGET_NAME)";
				SUPPORTED_PLATFORMS = "iphoneos iphonesimulator";
				SUPPORTS_MACCATALYST = NO;
				SUPPORTS_MAC_DESIGNED_FOR_IPHONE_IPAD = NO;
				SWIFT_EMIT_LOC_STRINGS = YES;
				SWIFT_VERSION = 5.0;
				TARGETED_DEVICE_FAMILY = 1;
			};
			name = Debug;
		};
		51EB6F252B21654D0081672E /* Release */ = {
			isa = XCBuildConfiguration;
			buildSettings = {
				ASSETCATALOG_COMPILER_APPICON_NAME = AppIcon;
				ASSETCATALOG_COMPILER_GLOBAL_ACCENT_COLOR_NAME = AccentColor;
				CODE_SIGN_STYLE = Automatic;
				CURRENT_PROJECT_VERSION = 1;
				DEVELOPMENT_ASSET_PATHS = "\"SpeedTips/Preview Content\"";
				ENABLE_PREVIEWS = YES;
				GENERATE_INFOPLIST_FILE = YES;
				INFOPLIST_KEY_UIApplicationSceneManifest_Generation = YES;
				INFOPLIST_KEY_UIApplicationSupportsIndirectInputEvents = YES;
				INFOPLIST_KEY_UILaunchScreen_Generation = YES;
				INFOPLIST_KEY_UILaunchStoryboardName = "Launch Screen.storyboard";
				INFOPLIST_KEY_UISupportedInterfaceOrientations_iPad = "UIInterfaceOrientationPortrait UIInterfaceOrientationPortraitUpsideDown UIInterfaceOrientationLandscapeLeft UIInterfaceOrientationLandscapeRight";
				INFOPLIST_KEY_UISupportedInterfaceOrientations_iPhone = "UIInterfaceOrientationPortrait UIInterfaceOrientationLandscapeLeft UIInterfaceOrientationLandscapeRight";
				IPHONEOS_DEPLOYMENT_TARGET = 16.4;
				LD_RUNPATH_SEARCH_PATHS = (
					"$(inherited)",
					"@executable_path/Frameworks",
				);
				MARKETING_VERSION = 1.0;
				PRODUCT_BUNDLE_IDENTIFIER = mi.SpeedTips;
				PRODUCT_NAME = "$(TARGET_NAME)";
				SUPPORTED_PLATFORMS = "iphoneos iphonesimulator";
				SUPPORTS_MACCATALYST = NO;
				SUPPORTS_MAC_DESIGNED_FOR_IPHONE_IPAD = NO;
				SWIFT_EMIT_LOC_STRINGS = YES;
				SWIFT_VERSION = 5.0;
				TARGETED_DEVICE_FAMILY = 1;
			};
			name = Release;
		};
		51EB6F272B21654D0081672E /* Debug */ = {
			isa = XCBuildConfiguration;
			buildSettings = {
				ALWAYS_EMBED_SWIFT_STANDARD_LIBRARIES = YES;
				BUNDLE_LOADER = "$(TEST_HOST)";
				CODE_SIGN_STYLE = Automatic;
				CURRENT_PROJECT_VERSION = 1;
				GENERATE_INFOPLIST_FILE = YES;
				IPHONEOS_DEPLOYMENT_TARGET = 17.0;
				MARKETING_VERSION = 1.0;
				PRODUCT_BUNDLE_IDENTIFIER = mi.SpeedTipsTests;
				PRODUCT_NAME = "$(TARGET_NAME)";
				SWIFT_EMIT_LOC_STRINGS = NO;
				SWIFT_VERSION = 5.0;
				TARGETED_DEVICE_FAMILY = "1,2";
				TEST_HOST = "$(BUILT_PRODUCTS_DIR)/SpeedTips.app/$(BUNDLE_EXECUTABLE_FOLDER_PATH)/SpeedTips";
			};
			name = Debug;
		};
		51EB6F282B21654D0081672E /* Release */ = {
			isa = XCBuildConfiguration;
			buildSettings = {
				ALWAYS_EMBED_SWIFT_STANDARD_LIBRARIES = YES;
				BUNDLE_LOADER = "$(TEST_HOST)";
				CODE_SIGN_STYLE = Automatic;
				CURRENT_PROJECT_VERSION = 1;
				GENERATE_INFOPLIST_FILE = YES;
				IPHONEOS_DEPLOYMENT_TARGET = 17.0;
				MARKETING_VERSION = 1.0;
				PRODUCT_BUNDLE_IDENTIFIER = mi.SpeedTipsTests;
				PRODUCT_NAME = "$(TARGET_NAME)";
				SWIFT_EMIT_LOC_STRINGS = NO;
				SWIFT_VERSION = 5.0;
				TARGETED_DEVICE_FAMILY = "1,2";
				TEST_HOST = "$(BUILT_PRODUCTS_DIR)/SpeedTips.app/$(BUNDLE_EXECUTABLE_FOLDER_PATH)/SpeedTips";
			};
			name = Release;
		};
		51EB6F2A2B21654D0081672E /* Debug */ = {
			isa = XCBuildConfiguration;
			buildSettings = {
				ALWAYS_EMBED_SWIFT_STANDARD_LIBRARIES = YES;
				CODE_SIGN_STYLE = Automatic;
				CURRENT_PROJECT_VERSION = 1;
				GENERATE_INFOPLIST_FILE = YES;
				MARKETING_VERSION = 1.0;
				PRODUCT_BUNDLE_IDENTIFIER = mi.SpeedTipsUITests;
				PRODUCT_NAME = "$(TARGET_NAME)";
				SWIFT_EMIT_LOC_STRINGS = NO;
				SWIFT_VERSION = 5.0;
				TARGETED_DEVICE_FAMILY = "1,2";
				TEST_TARGET_NAME = SpeedTips;
			};
			name = Debug;
		};
		51EB6F2B2B21654D0081672E /* Release */ = {
			isa = XCBuildConfiguration;
			buildSettings = {
				ALWAYS_EMBED_SWIFT_STANDARD_LIBRARIES = YES;
				CODE_SIGN_STYLE = Automatic;
				CURRENT_PROJECT_VERSION = 1;
				GENERATE_INFOPLIST_FILE = YES;
				MARKETING_VERSION = 1.0;
				PRODUCT_BUNDLE_IDENTIFIER = mi.SpeedTipsUITests;
				PRODUCT_NAME = "$(TARGET_NAME)";
				SWIFT_EMIT_LOC_STRINGS = NO;
				SWIFT_VERSION = 5.0;
				TARGETED_DEVICE_FAMILY = "1,2";
				TEST_TARGET_NAME = SpeedTips;
			};
			name = Release;
		};
/* End XCBuildConfiguration section */

/* Begin XCConfigurationList section */
		51EB6EFA2B21654B0081672E /* Build configuration list for PBXProject "SpeedTips" */ = {
			isa = XCConfigurationList;
			buildConfigurations = (
				51EB6F212B21654D0081672E /* Debug */,
				51EB6F222B21654D0081672E /* Release */,
			);
			defaultConfigurationIsVisible = 0;
			defaultConfigurationName = Release;
		};
		51EB6F232B21654D0081672E /* Build configuration list for PBXNativeTarget "SpeedTips" */ = {
			isa = XCConfigurationList;
			buildConfigurations = (
				51EB6F242B21654D0081672E /* Debug */,
				51EB6F252B21654D0081672E /* Release */,
			);
			defaultConfigurationIsVisible = 0;
			defaultConfigurationName = Release;
		};
		51EB6F262B21654D0081672E /* Build configuration list for PBXNativeTarget "SpeedTipsTests" */ = {
			isa = XCConfigurationList;
			buildConfigurations = (
				51EB6F272B21654D0081672E /* Debug */,
				51EB6F282B21654D0081672E /* Release */,
			);
			defaultConfigurationIsVisible = 0;
			defaultConfigurationName = Release;
		};
		51EB6F292B21654D0081672E /* Build configuration list for PBXNativeTarget "SpeedTipsUITests" */ = {
			isa = XCConfigurationList;
			buildConfigurations = (
				51EB6F2A2B21654D0081672E /* Debug */,
				51EB6F2B2B21654D0081672E /* Release */,
			);
			defaultConfigurationIsVisible = 0;
			defaultConfigurationName = Release;
		};
/* End XCConfigurationList section */
	};
	rootObject = 51EB6EF72B21654B0081672E /* Project object */;
}
